
Microsoft Visual Studio Solution File, Format Version 12.00
# Visual Studio Version 17
VisualStudioVersion = 17.5.33530.505
MinimumVisualStudioVersion = 10.0.40219.1
Project("{FAE04EC0-301F-11D3-BF4B-00C04F79EFBC}") = "backend-app", "backend-app.csproj", "{46CE57AE-3C9C-4B5C-9D28-4AD1F89F04E2}"
EndProject
Global
	GlobalSection(SolutionConfigurationPlatforms) = preSolution
		Debug|Any CPU = Debug|Any CPU
		Release|Any CPU = Release|Any CPU
	EndGlobalSection
	GlobalSection(ProjectConfigurationPlatforms) = postSolution
		{46CE57AE-3C9C-4B5C-9D28-4AD1F89F04E2}.Debug|Any CPU.ActiveCfg = Debug|Any CPU
		{46CE57AE-3C9C-4B5C-9D28-4AD1F89F04E2}.Debug|Any CPU.Build.0 = Debug|Any CPU
		{46CE57AE-3C9C-4B5C-9D28-4AD1F89F04E2}.Release|Any CPU.ActiveCfg = Release|Any CPU
		{46CE57AE-3C9C-4B5C-9D28-4AD1F89F04E2}.Release|Any CPU.Build.0 = Release|Any CPU
	EndGlobalSection
	GlobalSection(SolutionProperties) = preSolution
		HideSolutionNode = FALSE
	EndGlobalSection
	GlobalSection(ExtensibilityGlobals) = postSolution
		SolutionGuid = {B7EB010F-5411-428E-9228-DFD291A3903B}
	EndGlobalSection
EndGlobal
